lockfileVersion: '9.0'

importers:
  .:
    dependencies:
      alpha:
        specifier: ^2.0.0
        version: 2.0.0
      helper:
        specifier: ^1.0.0
        version: 1.0.0

packages:
  alpha@2.0.0: {}
  helper@1.0.0: {}
  transitive-a@2.0.0: {}

snapshots:
  alpha@2.0.0:
    dependencies:
      transitive-a: 2.0.0
  helper@1.0.0: {}
  transitive-a@2.0.0: {}
