lockfileVersion: '9.0'

importers:
  .:
    devDependencies:
      '@types/node':
        specifier: ^26.3.0
        version: 26.4.0
      rolldown:
        specifier: ^1.2.5
        version: 1.2.6
      typescript:
        specifier: ^6.0.2
        version: 6.0.3

packages:
  '@types/node@26.4.0': {}
  rolldown@1.2.6: {}
  typescript@6.0.3: {}

snapshots:
  '@types/node@26.4.0': {}
  rolldown@1.2.6: {}
  typescript@6.0.3: {}
